// !$*UTF8*$!
{
	archiveVersion = 1;
	classes = {
	};
	objectVersion = 56;
	objects = {

/* Begin PBXBuildFile section */
		C2840A1C299F83AD0081D129 /* AppDelegate.swift in Sources */ = {isa = PBXBuildFile; fileRef = C2840A1B299F83AD0081D129 /* AppDelegate.swift */; };
		C2840A1E299F83AD0081D129 /* SceneDelegate.swift in Sources */ = {isa = PBXBuildFile; fileRef = C2840A1D299F83AD0081D129 /* SceneDelegate.swift */; };
		C2840A20299F83AD0081D129 /* ViewController.swift in Sources */ = {isa = PBXBuildFile; fileRef = C2840A1F299F83AD0081D129 /* ViewController.swift */; };
		C2840A23299F83AD0081D129 /* Main.storyboard in Resources */ = {isa = PBXBuildFile; fileRef = C2840A21299F83AD0081D129 /* Main.storyboard */; };
		C2840A25299F83B10081D129 /* Assets.xcassets in Resources */ = {isa = PBXBuildFile; fileRef = C2840A24299F83B10081D129 /* Assets.xcassets */; };
		C2840A28299F83B10081D129 /* LaunchScreen.storyboard in Resources */ = {isa = PBXBuildFile; fileRef = C2840A26299F83B10081D129 /* LaunchScreen.storyboard */; };
		C2840A33299F83B20081D129 /* ChartTests.swift in Sources */ = {isa = PBXBuildFile; fileRef = C2840A32299F83B20081D129 /* ChartTests.swift */; };
		C2840A3D299F83B20081D129 /* ChartUITests.swift in Sources */ = {isa = PBXBuildFile; fileRef = C2840A3C299F83B20081D129 /* ChartUITests.swift */; };
		C2840A3F299F83B20081D129 /* ChartUITestsLaunchTests.swift in Sources */ = {isa = PBXBuildFile; fileRef = C2840A3E299F83B20081D129 /* ChartUITestsLaunchTests.swift */; };
/* End PBXBuildFile section */

/* Begin PBXContainerItemProxy section */
		C2840A2F299F83B20081D129 /* PBXContainerItemProxy */ = {
			isa = PBXContainerItemProxy;
			containerPortal = C2840A10299F83AD0081D129 /* Project object */;
			proxyType = 1;
			remoteGlobalIDString = C2840A17299F83AD0081D129;
			remoteInfo = Chart;
		};
		C2840A39299F83B20081D129 /* PBXContainerItemProxy */ = {
			isa = PBXContainerItemProxy;
			containerPortal = C2840A10299F83AD0081D129 /* Project object */;
			proxyType = 1;
			remoteGlobalIDString = C2840A17299F83AD0081D129;
			remoteInfo = Chart;
		};
/* End PBXContainerItemProxy section */

/* Begin PBXFileReference section */
		C2840A18299F83AD0081D129 /* Chart.app */ = {isa = PBXFileReference; explicitFileType = wrapper.application; includeInIndex = 0; path = Chart.app; sourceTree = BUILT_PRODUCTS_DIR; };
		C2840A1B299F83AD0081D129 /* AppDelegate.swift */ = {isa = PBXFileReference; lastKnownFileType = sourcecode.swift; path = AppDelegate.swift; sourceTree = "<group>"; };
		C2840A1D299F83AD0081D129 /* SceneDelegate.swift */ = {isa = PBXFileReference; lastKnownFileType = sourcecode.swift; path = SceneDelegate.swift; sourceTree = "<group>"; };
		C2840A1F299F83AD0081D129 /* ViewController.swift */ = {isa = PBXFileReference; lastKnownFileType = sourcecode.swift; path = ViewController.swift; sourceTree = "<group>"; };
		C2840A22299F83AD0081D129 /* Base */ = {isa = PBXFileReference; lastKnownFileType = file.storyboard; name = Base; path = Base.lproj/Main.storyboard; sourceTree = "<group>"; };
		C2840A24299F83B10081D129 /* Assets.xcassets */ = {isa = PBXFileReference; lastKnownFileType = folder.assetcatalog; path = Assets.xcassets; sourceTree = "<group>"; };
		C2840A27299F83B10081D129 /* Base */ = {isa = PBXFileReference; lastKnownFileType = file.storyboard; name = Base; path = Base.lproj/LaunchScreen.storyboard; sourceTree = "<group>"; };
		C2840A29299F83B10081D129 /* Info.plist */ = {isa = PBXFileReference; lastKnownFileType = text.plist.xml; path = Info.plist; sourceTree = "<group>"; };
		C2840A2E299F83B20081D129 /* ChartTests.xctest */ = {isa = PBXFileReference; explicitFileType = wrapper.cfbundle; includeInIndex = 0; path = ChartTests.xctest; sourceTree = BUILT_PRODUCTS_DIR; };
		C2840A32299F83B20081D129 /* ChartTests.swift */ = {isa = PBXFileReference; lastKnownFileType = sourcecode.swift; path = ChartTests.swift; sourceTree = "<group>"; };
		C2840A38299F83B20081D129 /* ChartUITests.xctest */ = {isa = PBXFileReference; explicitFileType = wrapper.cfbundle; includeInIndex = 0; path = ChartUITests.xctest; sourceTree = BUILT_PRODUCTS_DIR; };
		C2840A3C299F83B20081D129 /* ChartUITests.swift */ = {isa = PBXFileReference; lastKnownFileType = sourcecode.swift; path = ChartUITests.swift; sourceTree = "<group>"; };
		C2840A3E299F83B20081D129 /* ChartUITestsLaunchTests.swift */ = {isa = PBXFileReference; lastKnownFileType = sourcecode.swift; path = ChartUITestsLaunchTests.swift; sourceTree = "<group>"; };
/* End PBXFileReference section */

/* Begin PBXFrameworksBuildPhase section */
		C2840A15299F83AD0081D129 /* Frameworks */ = {
			isa = PBXFrameworksBuildPhase;
			buildActionMask = 2147483647;
			files = (
			);
			runOnlyForDeploymentPostprocessing = 0;
		};
		C2840A2B299F83B20081D129 /* Frameworks */ = {
			isa = PBXFrameworksBuildPhase;
			buildActionMask = 2147483647;
			files = (
			);
			runOnlyForDeploymentPostprocessing = 0;
		};
		C2840A35299F83B20081D129 /* Frameworks */ = {
			isa = PBXFrameworksBuildPhase;
			buildActionMask = 2147483647;
			files = (
			);
			runOnlyForDeploymentPostprocessing = 0;
		};
/* End PBXFrameworksBuildPhase section */

/* Begin PBXGroup section */
		C2840A0F299F83AD0081D129 = {
			isa = PBXGroup;
			children = (
				C2840A1A299F83AD0081D129 /* Chart */,
				C2840A31299F83B20081D129 /* ChartTests */,
				C2840A3B299F83B20081D129 /* ChartUITests */,
				C2840A19299F83AD0081D129 /* Products */,
			);
			sourceTree = "<group>";
		};
		C2840A19299F83AD0081D129 /* Products */ = {
			isa = PBXGroup;
			children = (
				C2840A18299F83AD0081D129 /* Chart.app */,
				C2840A2E299F83B20081D129 /* ChartTests.xctest */,
				C2840A38299F83B20081D129 /* ChartUITests.xctest */,
			);
			name = Products;
			sourceTree = "<group>";
		};
		C2840A1A299F83AD0081D129 /* Chart */ = {
			isa = PBXGroup;
			children = (
				C2840A1B299F83AD0081D129 /* AppDelegate.swift */,
				C2840A1D299F83AD0081D129 /* SceneDelegate.swift */,
				C2840A1F299F83AD0081D129 /* ViewController.swift */,
				C2840A21299F83AD0081D129 /* Main.storyboard */,
				C2840A24299F83B10081D129 /* Assets.xcassets */,
				C2840A26299F83B10081D129 /* LaunchScreen.storyboard */,
				C2840A29299F83B10081D129 /* Info.plist */,
			);
			path = Chart;
			sourceTree = "<group>";
		};
		C2840A31299F83B20081D129 /* ChartTests */ = {
			isa = PBXGroup;
			children = (
				C2840A32299F83B20081D129 /* ChartTests.swift */,
			);
			path = ChartTests;
			sourceTree = "<group>";
		};
		C2840A3B299F83B20081D129 /* ChartUITests */ = {
			isa = PBXGroup;
			children = (
				C2840A3C299F83B20081D129 /* ChartUITests.swift */,
				C2840A3E299F83B20081D129 /* ChartUITestsLaunchTests.swift */,
			);
			path = ChartUITests;
			sourceTree = "<group>";
		};
/* End PBXGroup section */

/* Begin PBXNativeTarget section */
		C2840A17299F83AD0081D129 /* Chart */ = {
			isa = PBXNativeTarget;
			buildConfigurationList = C2840A42299F83B20081D129 /* Build configuration list for PBXNativeTarget "Chart" */;
			buildPhases = (
				C2840A14299F83AD0081D129 /* Sources */,
				C2840A15299F83AD0081D129 /* Frameworks */,
				C2840A16299F83AD0081D129 /* Resources */,
			);
			buildRules = (
			);
			dependencies = (
			);
			name = Chart;
			productName = Chart;
			productReference = C2840A18299F83AD0081D129 /* Chart.app */;
			productType = "com.apple.product-type.application";
		};
		C2840A2D299F83B20081D129 /* ChartTests */ = {
			isa = PBXNativeTarget;
			buildConfigurationList = C2840A45299F83B20081D129 /* Build configuration list for PBXNativeTarget "ChartTests" */;
			buildPhases = (
				C2840A2A299F83B20081D129 /* Sources */,
				C2840A2B299F83B20081D129 /* Frameworks */,
				C2840A2C299F83B20081D129 /* Resources */,
			);
			buildRules = (
			);
			dependencies = (
				C2840A30299F83B20081D129 /* PBXTargetDependency */,
			);
			name = ChartTests;
			productName = ChartTests;
			productReference = C2840A2E299F83B20081D129 /* ChartTests.xctest */;
			productType = "com.apple.product-type.bundle.unit-test";
		};
		C2840A37299F83B20081D129 /* ChartUITests */ = {
			isa = PBXNativeTarget;
			buildConfigurationList = C2840A48299F83B20081D129 /* Build configuration list for PBXNativeTarget "ChartUITests" */;
			buildPhases = (
				C2840A34299F83B20081D129 /* Sources */,
				C2840A35299F83B20081D129 /* Frameworks */,
				C2840A36299F83B20081D129 /* Resources */,
			);
			buildRules = (
			);
			dependencies = (
				C2840A3A299F83B20081D129 /* PBXTargetDependency */,
			);
			name = ChartUITests;
			productName = ChartUITests;
			productReference = C2840A38299F83B20081D129 /* ChartUITests.xctest */;
			productType = "com.apple.product-type.bundle.ui-testing";
		};
/* End PBXNativeTarget section */

/* Begin PBXProject section */
		C2840A10299F83AD0081D129 /* Project object */ = {
			isa = PBXProject;
			attributes = {
				BuildIndependentTargetsInParallel = 1;
				LastSwiftUpdateCheck = 1420;
				LastUpgradeCheck = 1420;
				TargetAttributes = {
					C2840A17299F83AD0081D129 = {
						CreatedOnToolsVersion = 14.2;
					};
					C2840A2D299F83B20081D129 = {
						CreatedOnToolsVersion = 14.2;
						TestTargetID = C2840A17299F83AD0081D129;
					};
					C2840A37299F83B20081D129 = {
						CreatedOnToolsVersion = 14.2;
						TestTargetID = C2840A17299F83AD0081D129;
					};
				};
			};
			buildConfigurationList = C2840A13299F83AD0081D129 /* Build configuration list for PBXProject "Chart" */;
			compatibilityVersion = "Xcode 14.0";
			developmentRegion = en;
			hasScannedForEncodings = 0;
			knownRegions = (
				en,
				Base,
			);
			mainGroup = C2840A0F299F83AD0081D129;
			productRefGroup = C2840A19299F83AD0081D129 /* Products */;
			projectDirPath = "";
			projectRoot = "";
			targets = (
				C2840A17299F83AD0081D129 /* Chart */,
				C2840A2D299F83B20081D129 /* ChartTests */,
				C2840A37299F83B20081D129 /* ChartUITests */,
			);
		};
/* End PBXProject section */

/* Begin PBXResourcesBuildPhase section */
		C2840A16299F83AD0081D129 /* Resources */ = {
			isa = PBXResourcesBuildPhase;
			buildActionMask = 2147483647;
			files = (
				C2840A28299F83B10081D129 /* LaunchScreen.storyboard in Resources */,
				C2840A25299F83B10081D129 /* Assets.xcassets in Resources */,
				C2840A23299F83AD0081D129 /* Main.storyboard in Resources */,
			);
			runOnlyForDeploymentPostprocessing = 0;
		};
		C2840A2C299F83B20081D129 /* Resources */ = {
			isa = PBXResourcesBuildPhase;
			buildActionMask = 2147483647;
			files = (
			);
			runOnlyForDeploymentPostprocessing = 0;
		};
		C2840A36299F83B20081D129 /* Resources */ = {
			isa = PBXResourcesBuildPhase;
			buildActionMask = 2147483647;
			files = (
			);
			runOnlyForDeploymentPostprocessing = 0;
		};
/* End PBXResourcesBuildPhase section */

/* Begin PBXSourcesBuildPhase section */
		C2840A14299F83AD0081D129 /* Sources */ = {
			isa = PBXSourcesBuildPhase;
			buildActionMask = 2147483647;
			files = (
				C2840A20299F83AD0081D129 /* ViewController.swift in Sources */,
				C2840A1C299F83AD0081D129 /* AppDelegate.swift in Sources */,
				C2840A1E299F83AD0081D129 /* SceneDelegate.swift in Sources */,
			);
			runOnlyForDeploymentPostprocessing = 0;
		};
		C2840A2A299F83B20081D129 /* Sources */ = {
			isa = PBXSourcesBuildPhase;
			buildActionMask = 2147483647;
			files = (
				C2840A33299F83B20081D129 /* ChartTests.swift in Sources */,
			);
			runOnlyForDeploymentPostprocessing = 0;
		};
		C2840A34299F83B20081D129 /* Sources */ = {
			isa = PBXSourcesBuildPhase;
			buildActionMask = 2147483647;
			files = (
				C2840A3D299F83B20081D129 /* ChartUITests.swift in Sources */,
				C2840A3F299F83B20081D129 /* ChartUITestsLaunchTests.swift in Sources */,
			);
			runOnlyForDeploymentPostprocessing = 0;
		};
/* End PBXSourcesBuildPhase section */

/* Begin PBXTargetDependency section */
		C2840A30299F83B20081D129 /* PBXTargetDependency */ = {
			isa = PBXTargetDependency;
			target = C2840A17299F83AD0081D129 /* Chart */;
			targetProxy = C2840A2F299F83B20081D129 /* PBXContainerItemProxy */;
		};
		C2840A3A299F83B20081D129 /* PBXTargetDependency */ = {
			isa = PBXTargetDependency;
			target = C2840A17299F83AD0081D129 /* Chart */;
			targetProxy = C2840A39299F83B20081D129 /* PBXContainerItemProxy */;
		};
/* End PBXTargetDependency section */

/* Begin PBXVariantGroup section */
		C2840A21299F83AD0081D129 /* Main.storyboard */ = {
			isa = PBXVariantGroup;
			children = (
				C2840A22299F83AD0081D129 /* Base */,
			);
			name = Main.storyboard;
			sourceTree = "<group>";
		};
		C2840A26299F83B10081D129 /* LaunchScreen.storyboard */ = {
			isa = PBXVariantGroup;
			children = (
				C2840A27299F83B10081D129 /* Base */,
			);
			name = LaunchScreen.storyboard;
			sourceTree = "<group>";
		};
/* End PBXVariantGroup section */

/* Begin XCBuildConfiguration section */
		C2840A40299F83B20081D129 /* Debug */ = {
			isa = XCBuildConfiguration;
			buildSettings = {
				ALWAYS_SEARCH_USER_PATHS = NO;
				CLANG_ANALYZER_NONNULL = YES;
				CLANG_ANALYZER_NUMBER_OBJECT_CONVERSION = YES_AGGRESSIVE;
				CLANG_CXX_LANGUAGE_STANDARD = "gnu++20";
				CLANG_ENABLE_MODULES = YES;
				CLANG_ENABLE_OBJC_ARC = YES;
				CLANG_ENABLE_OBJC_WEAK = YES;
				CLANG_WARN_BLOCK_CAPTURE_AUTORELEASING = YES;
				CLANG_WARN_BOOL_CONVERSION = YES;
				CLANG_WARN_COMMA = YES;
				CLANG_WARN_CONSTANT_CONVERSION = YES;
				CLANG_WARN_DEPRECATED_OBJC_IMPLEMENTATIONS = YES;
				CLANG_WARN_DIRECT_OBJC_ISA_USAGE = YES_ERROR;
				CLANG_WARN_DOCUMENTATION_COMMENTS = YES;
				CLANG_WARN_EMPTY_BODY = YES;
				CLANG_WARN_ENUM_CONVERSION = YES;
				CLANG_WARN_INFINITE_RECURSION = YES;
				CLANG_WARN_INT_CONVERSION = YES;
				CLANG_WARN_NON_LITERAL_NULL_CONVERSION = YES;
				CLANG_WARN_OBJC_IMPLICIT_RETAIN_SELF = YES;
				CLANG_WARN_OBJC_LITERAL_CONVERSION = YES;
				CLANG_WARN_OBJC_ROOT_CLASS = YES_ERROR;
				CLANG_WARN_QUOTED_INCLUDE_IN_FRAMEWORK_HEADER = YES;
				CLANG_WARN_RANGE_LOOP_ANALYSIS = YES;
				CLANG_WARN_STRICT_PROTOTYPES = YES;
				CLANG_WARN_SUSPICIOUS_MOVE = YES;
				CLANG_WARN_UNGUARDED_AVAILABILITY = YES_AGGRESSIVE;
				CLANG_WARN_UNREACHABLE_CODE = YES;
				CLANG_WARN__DUPLICATE_METHOD_MATCH = YES;
				COPY_PHASE_STRIP = NO;
				DEBUG_INFORMATION_FORMAT = dwarf;
				ENABLE_STRICT_OBJC_MSGSEND = YES;
				ENABLE_TESTABILITY = YES;
				GCC_C_LANGUAGE_STANDARD = gnu11;
				GCC_DYNAMIC_NO_PIC = NO;
				GCC_NO_COMMON_BLOCKS = YES;
				GCC_OPTIMIZATION_LEVEL = 0;
				GCC_PREPROCESSOR_DEFINITIONS = (
					"DEBUG=1",
					"$(inherited)",
				);
				GCC_WARN_64_TO_32_BIT_CONVERSION = YES;
				GCC_WARN_ABOUT_RETURN_TYPE = YES_ERROR;
				GCC_WARN_UNDECLARED_SELECTOR = YES;
				GCC_WARN_UNINITIALIZED_AUTOS = YES_AGGRESSIVE;
				GCC_WARN_UNUSED_FUNCTION = YES;
				GCC_WARN_UNUSED_VARIABLE = YES;
				IPHONEOS_DEPLOYMENT_TARGET = 16.2;
				MTL_ENABLE_DEBUG_INFO = INCLUDE_SOURCE;
				MTL_FAST_MATH = YES;
				ONLY_ACTIVE_ARCH = YES;
				SDKROOT = iphoneos;
				SWIFT_ACTIVE_COMPILATION_CONDITIONS = DEBUG;
				SWIFT_OPTIMIZATION_LEVEL = "-Onone";
			};
			name = Debug;
		};
		C2840A41299F83B20081D129 /* Release */ = {
			isa = XCBuildConfiguration;
			buildSettings = {
				ALWAYS_SEARCH_USER_PATHS = NO;
				CLANG_ANALYZER_NONNULL = YES;
				CLANG_ANALYZER_NUMBER_OBJECT_CONVERSION = YES_AGGRESSIVE;
				CLANG_CXX_LANGUAGE_STANDARD = "gnu++20";
				CLANG_ENABLE_MODULES = YES;
				CLANG_ENABLE_OBJC_ARC = YES;
				CLANG_ENABLE_OBJC_WEAK = YES;
				CLANG_WARN_BLOCK_CAPTURE_AUTORELEASING = YES;
				CLANG_WARN_BOOL_CONVERSION = YES;
				CLANG_WARN_COMMA = YES;
				CLANG_WARN_CONSTANT_CONVERSION = YES;
				CLANG_WARN_DEPRECATED_OBJC_IMPLEMENTATIONS = YES;
				CLANG_WARN_DIRECT_OBJC_ISA_USAGE = YES_ERROR;
				CLANG_WARN_DOCUMENTATION_COMMENTS = YES;
				CLANG_WARN_EMPTY_BODY = YES;
				CLANG_WARN_ENUM_CONVERSION = YES;
				CLANG_WARN_INFINITE_RECURSION = YES;
				CLANG_WARN_INT_CONVERSION = YES;
				CLANG_WARN_NON_LITERAL_NULL_CONVERSION = YES;
				CLANG_WARN_OBJC_IMPLICIT_RETAIN_SELF = YES;
				CLANG_WARN_OBJC_LITERAL_CONVERSION = YES;
				CLANG_WARN_OBJC_ROOT_CLASS = YES_ERROR;
				CLANG_WARN_QUOTED_INCLUDE_IN_FRAMEWORK_HEADER = YES;
				CLANG_WARN_RANGE_LOOP_ANALYSIS = YES;
				CLANG_WARN_STRICT_PROTOTYPES = YES;
				CLANG_WARN_SUSPICIOUS_MOVE = YES;
				CLANG_WARN_UNGUARDED_AVAILABILITY = YES_AGGRESSIVE;
				CLANG_WARN_UNREACHABLE_CODE = YES;
				CLANG_WARN__DUPLICATE_METHOD_MATCH = YES;
				COPY_PHASE_STRIP = NO;
				DEBUG_INFORMATION_FORMAT = "dwarf-with-dsym";
				ENABLE_NS_ASSERTIONS = NO;
				ENABLE_STRICT_OBJC_MSGSEND = YES;
				GCC_C_LANGUAGE_STANDARD = gnu11;
				GCC_NO_COMMON_BLOCKS = YES;
				GCC_WARN_64_TO_32_BIT_CONVERSION = YES;
				GCC_WARN_ABOUT_RETURN_TYPE = YES_ERROR;
				GCC_WARN_UNDECLARED_SELECTOR = YES;
				GCC_WARN_UNINITIALIZED_AUTOS = YES_AGGRESSIVE;
				GCC_WARN_UNUSED_FUNCTION = YES;
				GCC_WARN_UNUSED_VARIABLE = YES;
				IPHONEOS_DEPLOYMENT_TARGET = 16.2;
				MTL_ENABLE_DEBUG_INFO = NO;
				MTL_FAST_MATH = YES;
				SDKROOT = iphoneos;
				SWIFT_COMPILATION_MODE = wholemodule;
				SWIFT_OPTIMIZATION_LEVEL = "-O";
				VALIDATE_PRODUCT = YES;
			};
			name = Release;
		};
		C2840A43299F83B20081D129 /* Debug */ = {
			isa = XCBuildConfiguration;
			buildSettings = {
				ASSETCATALOG_COMPILER_APPICON_NAME = AppIcon;
				ASSETCATALOG_COMPILER_GLOBAL_ACCENT_COLOR_NAME = AccentColor;
				CODE_SIGN_STYLE = Automatic;
				CURRENT_PROJECT_VERSION = 1;
				GENERATE_INFOPLIST_FILE = YES;
				INFOPLIST_FILE = Chart/Info.plist;
				INFOPLIST_KEY_UIApplicationSupportsIndirectInputEvents = YES;
				INFOPLIST_KEY_UILaunchStoryboardName = LaunchScreen;
				INFOPLIST_KEY_UIMainStoryboardFile = Main;
				INFOPLIST_KEY_UISupportedInterfaceOrientations_iPad = "UIInterfaceOrientationPortrait UIInterfaceOrientationPortraitUpsideDown UIInterfaceOrientationLandscapeLeft UIInterfaceOrientationLandscapeRight";
				INFOPLIST_KEY_UISupportedInterfaceOrientations_iPhone = "UIInterfaceOrientationPortrait UIInterfaceOrientationLandscapeLeft UIInterfaceOrientationLandscapeRight";
				LD_RUNPATH_SEARCH_PATHS = (
					"$(inherited)",
					"@executable_path/Frameworks",
				);
				MARKETING_VERSION = 1.0;
				PRODUCT_BUNDLE_IDENTIFIER = com.viktor.Chart;
				PRODUCT_NAME = "$(TARGET_NAME)";
				SWIFT_EMIT_LOC_STRINGS = YES;
				SWIFT_VERSION = 5.0;
				TARGETED_DEVICE_FAMILY = "1,2";
			};
			name = Debug;
		};
		C2840A44299F83B20081D129 /* Release */ = {
			isa = XCBuildConfiguration;
			buildSettings = {
				ASSETCATALOG_COMPILER_APPICON_NAME = AppIcon;
				ASSETCATALOG_COMPILER_GLOBAL_ACCENT_COLOR_NAME = AccentColor;
				CODE_SIGN_STYLE = Automatic;
				CURRENT_PROJECT_VERSION = 1;
				GENERATE_INFOPLIST_FILE = YES;
				INFOPLIST_FILE = Chart/Info.plist;
				INFOPLIST_KEY_UIApplicationSupportsIndirectInputEvents = YES;
				INFOPLIST_KEY_UILaunchStoryboardName = LaunchScreen;
				INFOPLIST_KEY_UIMainStoryboardFile = Main;
				INFOPLIST_KEY_UISupportedInterfaceOrientations_iPad = "UIInterfaceOrientationPortrait UIInterfaceOrientationPortraitUpsideDown UIInterfaceOrientationLandscapeLeft UIInterfaceOrientationLandscapeRight";
				INFOPLIST_KEY_UISupportedInterfaceOrientations_iPhone = "UIInterfaceOrientationPortrait UIInterfaceOrientationLandscapeLeft UIInterfaceOrientationLandscapeRight";
				LD_RUNPATH_SEARCH_PATHS = (
					"$(inherited)",
					"@executable_path/Frameworks",
				);
				MARKETING_VERSION = 1.0;
				PRODUCT_BUNDLE_IDENTIFIER = com.viktor.Chart;
				PRODUCT_NAME = "$(TARGET_NAME)";
				SWIFT_EMIT_LOC_STRINGS = YES;
				SWIFT_VERSION = 5.0;
				TARGETED_DEVICE_FAMILY = "1,2";
			};
			name = Release;
		};
		C2840A46299F83B20081D129 /* Debug */ = {
			isa = XCBuildConfiguration;
			buildSettings = {
				ALWAYS_EMBED_SWIFT_STANDARD_LIBRARIES = YES;
				BUNDLE_LOADER = "$(TEST_HOST)";
				CODE_SIGN_STYLE = Automatic;
				CURRENT_PROJECT_VERSION = 1;
				GENERATE_INFOPLIST_FILE = YES;
				IPHONEOS_DEPLOYMENT_TARGET = 16.2;
				MARKETING_VERSION = 1.0;
				PRODUCT_BUNDLE_IDENTIFIER = com.viktor.ChartTests;
				PRODUCT_NAME = "$(TARGET_NAME)";
				SWIFT_EMIT_LOC_STRINGS = NO;
				SWIFT_VERSION = 5.0;
				TARGETED_DEVICE_FAMILY = "1,2";
				TEST_HOST = "$(BUILT_PRODUCTS_DIR)/Chart.app/$(BUNDLE_EXECUTABLE_FOLDER_PATH)/Chart";
			};
			name = Debug;
		};
		C2840A47299F83B20081D129 /* Release */ = {
			isa = XCBuildConfiguration;
			buildSettings = {
				ALWAYS_EMBED_SWIFT_STANDARD_LIBRARIES = YES;
				BUNDLE_LOADER = "$(TEST_HOST)";
				CODE_SIGN_STYLE = Automatic;
				CURRENT_PROJECT_VERSION = 1;
				GENERATE_INFOPLIST_FILE = YES;
				IPHONEOS_DEPLOYMENT_TARGET = 16.2;
				MARKETING_VERSION = 1.0;
				PRODUCT_BUNDLE_IDENTIFIER = com.viktor.ChartTests;
				PRODUCT_NAME = "$(TARGET_NAME)";
				SWIFT_EMIT_LOC_STRINGS = NO;
				SWIFT_VERSION = 5.0;
				TARGETED_DEVICE_FAMILY = "1,2";
				TEST_HOST = "$(BUILT_PRODUCTS_DIR)/Chart.app/$(BUNDLE_EXECUTABLE_FOLDER_PATH)/Chart";
			};
			name = Release;
		};
		C2840A49299F83B20081D129 /* Debug */ = {
			isa = XCBuildConfiguration;
			buildSettings = {
				ALWAYS_EMBED_SWIFT_STANDARD_LIBRARIES = YES;
				CODE_SIGN_STYLE = Automatic;
				CURRENT_PROJECT_VERSION = 1;
				GENERATE_INFOPLIST_FILE = YES;
				MARKETING_VERSION = 1.0;
				PRODUCT_BUNDLE_IDENTIFIER = com.viktor.ChartUITests;
				PRODUCT_NAME = "$(TARGET_NAME)";
				SWIFT_EMIT_LOC_STRINGS = NO;
				SWIFT_VERSION = 5.0;
				TARGETED_DEVICE_FAMILY = "1,2";
				TEST_TARGET_NAME = Chart;
			};
			name = Debug;
		};
		C2840A4A299F83B20081D129 /* Release */ = {
			isa = XCBuildConfiguration;
			buildSettings = {
				ALWAYS_EMBED_SWIFT_STANDARD_LIBRARIES = YES;
				CODE_SIGN_STYLE = Automatic;
				CURRENT_PROJECT_VERSION = 1;
				GENERATE_INFOPLIST_FILE = YES;
				MARKETING_VERSION = 1.0;
				PRODUCT_BUNDLE_IDENTIFIER = com.viktor.ChartUITests;
				PRODUCT_NAME = "$(TARGET_NAME)";
				SWIFT_EMIT_LOC_STRINGS = NO;
				SWIFT_VERSION = 5.0;
				TARGETED_DEVICE_FAMILY = "1,2";
				TEST_TARGET_NAME = Chart;
			};
			name = Release;
		};
/* End XCBuildConfiguration section */

/* Begin XCConfigurationList section */
		C2840A13299F83AD0081D129 /* Build configuration list for PBXProject "Chart" */ = {
			isa = XCConfigurationList;
			buildConfigurations = (
				C2840A40299F83B20081D129 /* Debug */,
				C2840A41299F83B20081D129 /* Release */,
			);
			defaultConfigurationIsVisible = 0;
			defaultConfigurationName = Release;
		};
		C2840A42299F83B20081D129 /* Build configuration list for PBXNativeTarget "Chart" */ = {
			isa = XCConfigurationList;
			buildConfigurations = (
				C2840A43299F83B20081D129 /* Debug */,
				C2840A44299F83B20081D129 /* Release */,
			);
			defaultConfigurationIsVisible = 0;
			defaultConfigurationName = Release;
		};
		C2840A45299F83B20081D129 /* Build configuration list for PBXNativeTarget "ChartTests" */ = {
			isa = XCConfigurationList;
			buildConfigurations = (
				C2840A46299F83B20081D129 /* Debug */,
				C2840A47299F83B20081D129 /* Release */,
			);
			defaultConfigurationIsVisible = 0;
			defaultConfigurationName = Release;
		};
		C2840A48299F83B20081D129 /* Build configuration list for PBXNativeTarget "ChartUITests" */ = {
			isa = XCConfigurationList;
			buildConfigurations = (
				C2840A49299F83B20081D129 /* Debug */,
				C2840A4A299F83B20081D129 /* Release */,
			);
			defaultConfigurationIsVisible = 0;
			defaultConfigurationName = Release;
		};
/* End XCConfigurationList section */
	};
	rootObject = C2840A10299F83AD0081D129 /* Project object */;
}
