// !$*UTF8*$!
{
	archiveVersion = 1;
	classes = {
	};
	objectVersion = 56;
	objects = {

/* Begin PBXBuildFile section */
		C2840A1C299F83AD0081D129 /* AppDelegate.swift in Sources */ = {isa = PBXBuildFile; fileRef = C2840A1B299F83AD0081D129 /* AppDelegate.swift */; };
		C2840A20299F83AD0081D129 /* ChartViewController.swift in Sources */ = {isa = PBXBuildFile; fileRef = C2840A1F299F83AD0081D129 /* ChartViewController.swift */; };
		C2840A25299F83B10081D129 /* Assets.xcassets in Resources */ = {isa = PBXBuildFile; fileRef = C2840A24299F83B10081D129 /* Assets.xcassets */; };
		C2840A28299F83B10081D129 /* LaunchScreen.storyboard in Resources */ = {isa = PBXBuildFile; fileRef = C2840A26299F83B10081D129 /* LaunchScreen.storyboard */; };
		C2840A4D299F84450081D129 /* CoordinatesConverter.swift in Sources */ = {isa = PBXBuildFile; fileRef = C2840A4C299F84450081D129 /* CoordinatesConverter.swift */; };
		C2840A5129A09F920081D129 /* ChartRenderer.swift in Sources */ = {isa = PBXBuildFile; fileRef = C2840A5029A09F920081D129 /* ChartRenderer.swift */; };
		C2840A5629A0AA040081D129 /* Point.swift in Sources */ = {isa = PBXBuildFile; fileRef = C2840A5529A0AA040081D129 /* Point.swift */; };
		C2840A5929A0B32E0081D129 /* ChartView.swift in Sources */ = {isa = PBXBuildFile; fileRef = C2840A5829A0B32E0081D129 /* ChartView.swift */; };
		C2840A5E29A0DFB70081D129 /* PointCell.swift in Sources */ = {isa = PBXBuildFile; fileRef = C2840A5D29A0DFB70081D129 /* PointCell.swift */; };
		C2840A6129A0E1FA0081D129 /* PointsProvider.swift in Sources */ = {isa = PBXBuildFile; fileRef = C2840A6029A0E1FA0081D129 /* PointsProvider.swift */; };
		C2840A6429A0E3D70081D129 /* CheckPointsViewController.swift in Sources */ = {isa = PBXBuildFile; fileRef = C2840A6329A0E3D70081D129 /* CheckPointsViewController.swift */; };
		C2840A6629A0EBC20081D129 /* IdentifiableCell.swift in Sources */ = {isa = PBXBuildFile; fileRef = C2840A6529A0EBC20081D129 /* IdentifiableCell.swift */; };
		C2840A6A29A0FDC80081D129 /* NetworkService.swift in Sources */ = {isa = PBXBuildFile; fileRef = C2840A6929A0FDC80081D129 /* NetworkService.swift */; };
		C2840A6F29A108280081D129 /* IPointsService.swift in Sources */ = {isa = PBXBuildFile; fileRef = C2840A6E29A108280081D129 /* IPointsService.swift */; };
		C2840A7229A108740081D129 /* NetworkService+PointsService.swift in Sources */ = {isa = PBXBuildFile; fileRef = C2840A7129A108740081D129 /* NetworkService+PointsService.swift */; };
		C2840A7429A109D60081D129 /* PointsResponse.swift in Sources */ = {isa = PBXBuildFile; fileRef = C2840A7329A109D60081D129 /* PointsResponse.swift */; };
		C2840A7B29A130F40081D129 /* AxisLabelsConverter.swift in Sources */ = {isa = PBXBuildFile; fileRef = C2840A7A29A130F40081D129 /* AxisLabelsConverter.swift */; };
		C2840A7D29A1EA5B0081D129 /* Float+TwoSignsDescription.swift in Sources */ = {isa = PBXBuildFile; fileRef = C2840A7C29A1EA5B0081D129 /* Float+TwoSignsDescription.swift */; };
		C2840A8029A33E650081D129 /* ViewImageSaver.swift in Sources */ = {isa = PBXBuildFile; fileRef = C2840A7F29A33E650081D129 /* ViewImageSaver.swift */; };
		C2840A8229A3418B0081D129 /* UIViewController+ShowAlert.swift in Sources */ = {isa = PBXBuildFile; fileRef = C2840A8129A3418B0081D129 /* UIViewController+ShowAlert.swift */; };
		C2840A8429A34EE80081D129 /* Config.swift in Sources */ = {isa = PBXBuildFile; fileRef = C2840A8329A34EE80081D129 /* Config.swift */; };
/* End PBXBuildFile section */

/* Begin PBXFileReference section */
		C2840A18299F83AD0081D129 /* Chart.app */ = {isa = PBXFileReference; explicitFileType = wrapper.application; includeInIndex = 0; path = Chart.app; sourceTree = BUILT_PRODUCTS_DIR; };
		C2840A1B299F83AD0081D129 /* AppDelegate.swift */ = {isa = PBXFileReference; lastKnownFileType = sourcecode.swift; path = AppDelegate.swift; sourceTree = "<group>"; };
		C2840A1F299F83AD0081D129 /* ChartViewController.swift */ = {isa = PBXFileReference; lastKnownFileType = sourcecode.swift; path = ChartViewController.swift; sourceTree = "<group>"; };
		C2840A24299F83B10081D129 /* Assets.xcassets */ = {isa = PBXFileReference; lastKnownFileType = folder.assetcatalog; path = Assets.xcassets; sourceTree = "<group>"; };
		C2840A27299F83B10081D129 /* Base */ = {isa = PBXFileReference; lastKnownFileType = file.storyboard; name = Base; path = Base.lproj/LaunchScreen.storyboard; sourceTree = "<group>"; };
		C2840A29299F83B10081D129 /* Info.plist */ = {isa = PBXFileReference; lastKnownFileType = text.plist.xml; path = Info.plist; sourceTree = "<group>"; };
		C2840A4C299F84450081D129 /* CoordinatesConverter.swift */ = {isa = PBXFileReference; lastKnownFileType = sourcecode.swift; path = CoordinatesConverter.swift; sourceTree = "<group>"; };
		C2840A5029A09F920081D129 /* ChartRenderer.swift */ = {isa = PBXFileReference; lastKnownFileType = sourcecode.swift; path = ChartRenderer.swift; sourceTree = "<group>"; };
		C2840A5529A0AA040081D129 /* Point.swift */ = {isa = PBXFileReference; lastKnownFileType = sourcecode.swift; path = Point.swift; sourceTree = "<group>"; };
		C2840A5829A0B32E0081D129 /* ChartView.swift */ = {isa = PBXFileReference; lastKnownFileType = sourcecode.swift; path = ChartView.swift; sourceTree = "<group>"; };
		C2840A5D29A0DFB70081D129 /* PointCell.swift */ = {isa = PBXFileReference; lastKnownFileType = sourcecode.swift; path = PointCell.swift; sourceTree = "<group>"; };
		C2840A6029A0E1FA0081D129 /* PointsProvider.swift */ = {isa = PBXFileReference; lastKnownFileType = sourcecode.swift; path = PointsProvider.swift; sourceTree = "<group>"; };
		C2840A6329A0E3D70081D129 /* CheckPointsViewController.swift */ = {isa = PBXFileReference; lastKnownFileType = sourcecode.swift; path = CheckPointsViewController.swift; sourceTree = "<group>"; };
		C2840A6529A0EBC20081D129 /* IdentifiableCell.swift */ = {isa = PBXFileReference; lastKnownFileType = sourcecode.swift; path = IdentifiableCell.swift; sourceTree = "<group>"; };
		C2840A6929A0FDC80081D129 /* NetworkService.swift */ = {isa = PBXFileReference; lastKnownFileType = sourcecode.swift; path = NetworkService.swift; sourceTree = "<group>"; };
		C2840A6E29A108280081D129 /* IPointsService.swift */ = {isa = PBXFileReference; lastKnownFileType = sourcecode.swift; path = IPointsService.swift; sourceTree = "<group>"; };
		C2840A7129A108740081D129 /* NetworkService+PointsService.swift */ = {isa = PBXFileReference; lastKnownFileType = sourcecode.swift; path = "NetworkService+PointsService.swift"; sourceTree = "<group>"; };
		C2840A7329A109D60081D129 /* PointsResponse.swift */ = {isa = PBXFileReference; lastKnownFileType = sourcecode.swift; path = PointsResponse.swift; sourceTree = "<group>"; };
		C2840A7A29A130F40081D129 /* AxisLabelsConverter.swift */ = {isa = PBXFileReference; lastKnownFileType = sourcecode.swift; path = AxisLabelsConverter.swift; sourceTree = "<group>"; };
		C2840A7C29A1EA5B0081D129 /* Float+TwoSignsDescription.swift */ = {isa = PBXFileReference; lastKnownFileType = sourcecode.swift; path = "Float+TwoSignsDescription.swift"; sourceTree = "<group>"; };
		C2840A7F29A33E650081D129 /* ViewImageSaver.swift */ = {isa = PBXFileReference; lastKnownFileType = sourcecode.swift; path = ViewImageSaver.swift; sourceTree = "<group>"; };
		C2840A8129A3418B0081D129 /* UIViewController+ShowAlert.swift */ = {isa = PBXFileReference; lastKnownFileType = sourcecode.swift; path = "UIViewController+ShowAlert.swift"; sourceTree = "<group>"; };
		C2840A8329A34EE80081D129 /* Config.swift */ = {isa = PBXFileReference; lastKnownFileType = sourcecode.swift; path = Config.swift; sourceTree = "<group>"; };
/* End PBXFileReference section */

/* Begin PBXFrameworksBuildPhase section */
		C2840A15299F83AD0081D129 /* Frameworks */ = {
			isa = PBXFrameworksBuildPhase;
			buildActionMask = 2147483647;
			files = (
			);
			runOnlyForDeploymentPostprocessing = 0;
		};
/* End PBXFrameworksBuildPhase section */

/* Begin PBXGroup section */
		C2840A0F299F83AD0081D129 = {
			isa = PBXGroup;
			children = (
				C2840A1A299F83AD0081D129 /* Chart */,
				C2840A19299F83AD0081D129 /* Products */,
			);
			sourceTree = "<group>";
		};
		C2840A19299F83AD0081D129 /* Products */ = {
			isa = PBXGroup;
			children = (
				C2840A18299F83AD0081D129 /* Chart.app */,
			);
			name = Products;
			sourceTree = "<group>";
		};
		C2840A1A299F83AD0081D129 /* Chart */ = {
			isa = PBXGroup;
			children = (
				C2840A7E29A33DB30081D129 /* Extensions */,
				C2840A6D29A108150081D129 /* Protocols */,
				C2840A6229A0E38D0081D129 /* ViewControllers */,
				C2840A5F29A0E1E60081D129 /* Services */,
				C2840A5729A0B3210081D129 /* Views */,
				C2840A5429A0A9FA0081D129 /* Model */,
				C2840A4B299F83C40081D129 /* Utils */,
				C2840A1B299F83AD0081D129 /* AppDelegate.swift */,
				C2840A24299F83B10081D129 /* Assets.xcassets */,
				C2840A26299F83B10081D129 /* LaunchScreen.storyboard */,
				C2840A29299F83B10081D129 /* Info.plist */,
			);
			path = Chart;
			sourceTree = "<group>";
		};
		C2840A4B299F83C40081D129 /* Utils */ = {
			isa = PBXGroup;
			children = (
				C2840A4C299F84450081D129 /* CoordinatesConverter.swift */,
				C2840A5029A09F920081D129 /* ChartRenderer.swift */,
				C2840A7A29A130F40081D129 /* AxisLabelsConverter.swift */,
				C2840A7F29A33E650081D129 /* ViewImageSaver.swift */,
				C2840A8329A34EE80081D129 /* Config.swift */,
			);
			path = Utils;
			sourceTree = "<group>";
		};
		C2840A5429A0A9FA0081D129 /* Model */ = {
			isa = PBXGroup;
			children = (
				C2840A7529A109DB0081D129 /* Responses */,
				C2840A5529A0AA040081D129 /* Point.swift */,
			);
			path = Model;
			sourceTree = "<group>";
		};
		C2840A5729A0B3210081D129 /* Views */ = {
			isa = PBXGroup;
			children = (
				C2840A5829A0B32E0081D129 /* ChartView.swift */,
				C2840A5D29A0DFB70081D129 /* PointCell.swift */,
			);
			path = Views;
			sourceTree = "<group>";
		};
		C2840A5F29A0E1E60081D129 /* Services */ = {
			isa = PBXGroup;
			children = (
				C2840A7029A108600081D129 /* Network */,
				C2840A6029A0E1FA0081D129 /* PointsProvider.swift */,
			);
			path = Services;
			sourceTree = "<group>";
		};
		C2840A6229A0E38D0081D129 /* ViewControllers */ = {
			isa = PBXGroup;
			children = (
				C2840A1F299F83AD0081D129 /* ChartViewController.swift */,
				C2840A6329A0E3D70081D129 /* CheckPointsViewController.swift */,
			);
			path = ViewControllers;
			sourceTree = "<group>";
		};
		C2840A6D29A108150081D129 /* Protocols */ = {
			isa = PBXGroup;
			children = (
				C2840A6529A0EBC20081D129 /* IdentifiableCell.swift */,
				C2840A6E29A108280081D129 /* IPointsService.swift */,
			);
			path = Protocols;
			sourceTree = "<group>";
		};
		C2840A7029A108600081D129 /* Network */ = {
			isa = PBXGroup;
			children = (
				C2840A6929A0FDC80081D129 /* NetworkService.swift */,
				C2840A7129A108740081D129 /* NetworkService+PointsService.swift */,
			);
			path = Network;
			sourceTree = "<group>";
		};
		C2840A7529A109DB0081D129 /* Responses */ = {
			isa = PBXGroup;
			children = (
				C2840A7329A109D60081D129 /* PointsResponse.swift */,
			);
			path = Responses;
			sourceTree = "<group>";
		};
		C2840A7E29A33DB30081D129 /* Extensions */ = {
			isa = PBXGroup;
			children = (
				C2840A7C29A1EA5B0081D129 /* Float+TwoSignsDescription.swift */,
				C2840A8129A3418B0081D129 /* UIViewController+ShowAlert.swift */,
			);
			path = Extensions;
			sourceTree = "<group>";
		};
/* End PBXGroup section */

/* Begin PBXNativeTarget section */
		C2840A17299F83AD0081D129 /* Chart */ = {
			isa = PBXNativeTarget;
			buildConfigurationList = C2840A42299F83B20081D129 /* Build configuration list for PBXNativeTarget "Chart" */;
			buildPhases = (
				C2840A14299F83AD0081D129 /* Sources */,
				C2840A15299F83AD0081D129 /* Frameworks */,
				C2840A16299F83AD0081D129 /* Resources */,
			);
			buildRules = (
			);
			dependencies = (
			);
			name = Chart;
			productName = Chart;
			productReference = C2840A18299F83AD0081D129 /* Chart.app */;
			productType = "com.apple.product-type.application";
		};
/* End PBXNativeTarget section */

/* Begin PBXProject section */
		C2840A10299F83AD0081D129 /* Project object */ = {
			isa = PBXProject;
			attributes = {
				BuildIndependentTargetsInParallel = 1;
				LastSwiftUpdateCheck = 1420;
				LastUpgradeCheck = 1420;
				TargetAttributes = {
					C2840A17299F83AD0081D129 = {
						CreatedOnToolsVersion = 14.2;
					};
				};
			};
			buildConfigurationList = C2840A13299F83AD0081D129 /* Build configuration list for PBXProject "Chart" */;
			compatibilityVersion = "Xcode 14.0";
			developmentRegion = en;
			hasScannedForEncodings = 0;
			knownRegions = (
				en,
				Base,
			);
			mainGroup = C2840A0F299F83AD0081D129;
			productRefGroup = C2840A19299F83AD0081D129 /* Products */;
			projectDirPath = "";
			projectRoot = "";
			targets = (
				C2840A17299F83AD0081D129 /* Chart */,
			);
		};
/* End PBXProject section */

/* Begin PBXResourcesBuildPhase section */
		C2840A16299F83AD0081D129 /* Resources */ = {
			isa = PBXResourcesBuildPhase;
			buildActionMask = 2147483647;
			files = (
				C2840A28299F83B10081D129 /* LaunchScreen.storyboard in Resources */,
				C2840A25299F83B10081D129 /* Assets.xcassets in Resources */,
			);
			runOnlyForDeploymentPostprocessing = 0;
		};
/* End PBXResourcesBuildPhase section */

/* Begin PBXSourcesBuildPhase section */
		C2840A14299F83AD0081D129 /* Sources */ = {
			isa = PBXSourcesBuildPhase;
			buildActionMask = 2147483647;
			files = (
				C2840A4D299F84450081D129 /* CoordinatesConverter.swift in Sources */,
				C2840A5E29A0DFB70081D129 /* PointCell.swift in Sources */,
				C2840A7429A109D60081D129 /* PointsResponse.swift in Sources */,
				C2840A8029A33E650081D129 /* ViewImageSaver.swift in Sources */,
				C2840A8429A34EE80081D129 /* Config.swift in Sources */,
				C2840A7B29A130F40081D129 /* AxisLabelsConverter.swift in Sources */,
				C2840A7D29A1EA5B0081D129 /* Float+TwoSignsDescription.swift in Sources */,
				C2840A6129A0E1FA0081D129 /* PointsProvider.swift in Sources */,
				C2840A20299F83AD0081D129 /* ChartViewController.swift in Sources */,
				C2840A8229A3418B0081D129 /* UIViewController+ShowAlert.swift in Sources */,
				C2840A5129A09F920081D129 /* ChartRenderer.swift in Sources */,
				C2840A6629A0EBC20081D129 /* IdentifiableCell.swift in Sources */,
				C2840A6F29A108280081D129 /* IPointsService.swift in Sources */,
				C2840A5929A0B32E0081D129 /* ChartView.swift in Sources */,
				C2840A7229A108740081D129 /* NetworkService+PointsService.swift in Sources */,
				C2840A5629A0AA040081D129 /* Point.swift in Sources */,
				C2840A1C299F83AD0081D129 /* AppDelegate.swift in Sources */,
				C2840A6A29A0FDC80081D129 /* NetworkService.swift in Sources */,
				C2840A6429A0E3D70081D129 /* CheckPointsViewController.swift in Sources */,
			);
			runOnlyForDeploymentPostprocessing = 0;
		};
/* End PBXSourcesBuildPhase section */

/* Begin PBXVariantGroup section */
		C2840A26299F83B10081D129 /* LaunchScreen.storyboard */ = {
			isa = PBXVariantGroup;
			children = (
				C2840A27299F83B10081D129 /* Base */,
			);
			name = LaunchScreen.storyboard;
			sourceTree = "<group>";
		};
/* End PBXVariantGroup section */

/* Begin XCBuildConfiguration section */
		C2840A40299F83B20081D129 /* Debug */ = {
			isa = XCBuildConfiguration;
			buildSettings = {
				ALWAYS_SEARCH_USER_PATHS = NO;
				CLANG_ANALYZER_NONNULL = YES;
				CLANG_ANALYZER_NUMBER_OBJECT_CONVERSION = YES_AGGRESSIVE;
				CLANG_CXX_LANGUAGE_STANDARD = "gnu++20";
				CLANG_ENABLE_MODULES = YES;
				CLANG_ENABLE_OBJC_ARC = YES;
				CLANG_ENABLE_OBJC_WEAK = YES;
				CLANG_WARN_BLOCK_CAPTURE_AUTORELEASING = YES;
				CLANG_WARN_BOOL_CONVERSION = YES;
				CLANG_WARN_COMMA = YES;
				CLANG_WARN_CONSTANT_CONVERSION = YES;
				CLANG_WARN_DEPRECATED_OBJC_IMPLEMENTATIONS = YES;
				CLANG_WARN_DIRECT_OBJC_ISA_USAGE = YES_ERROR;
				CLANG_WARN_DOCUMENTATION_COMMENTS = YES;
				CLANG_WARN_EMPTY_BODY = YES;
				CLANG_WARN_ENUM_CONVERSION = YES;
				CLANG_WARN_INFINITE_RECURSION = YES;
				CLANG_WARN_INT_CONVERSION = YES;
				CLANG_WARN_NON_LITERAL_NULL_CONVERSION = YES;
				CLANG_WARN_OBJC_IMPLICIT_RETAIN_SELF = YES;
				CLANG_WARN_OBJC_LITERAL_CONVERSION = YES;
				CLANG_WARN_OBJC_ROOT_CLASS = YES_ERROR;
				CLANG_WARN_QUOTED_INCLUDE_IN_FRAMEWORK_HEADER = YES;
				CLANG_WARN_RANGE_LOOP_ANALYSIS = YES;
				CLANG_WARN_STRICT_PROTOTYPES = YES;
				CLANG_WARN_SUSPICIOUS_MOVE = YES;
				CLANG_WARN_UNGUARDED_AVAILABILITY = YES_AGGRESSIVE;
				CLANG_WARN_UNREACHABLE_CODE = YES;
				CLANG_WARN__DUPLICATE_METHOD_MATCH = YES;
				COPY_PHASE_STRIP = NO;
				DEBUG_INFORMATION_FORMAT = dwarf;
				ENABLE_STRICT_OBJC_MSGSEND = YES;
				ENABLE_TESTABILITY = YES;
				GCC_C_LANGUAGE_STANDARD = gnu11;
				GCC_DYNAMIC_NO_PIC = NO;
				GCC_NO_COMMON_BLOCKS = YES;
				GCC_OPTIMIZATION_LEVEL = 0;
				GCC_PREPROCESSOR_DEFINITIONS = (
					"DEBUG=1",
					"$(inherited)",
				);
				GCC_WARN_64_TO_32_BIT_CONVERSION = YES;
				GCC_WARN_ABOUT_RETURN_TYPE = YES_ERROR;
				GCC_WARN_UNDECLARED_SELECTOR = YES;
				GCC_WARN_UNINITIALIZED_AUTOS = YES_AGGRESSIVE;
				GCC_WARN_UNUSED_FUNCTION = YES;
				GCC_WARN_UNUSED_VARIABLE = YES;
				IPHONEOS_DEPLOYMENT_TARGET = 16.2;
				MTL_ENABLE_DEBUG_INFO = INCLUDE_SOURCE;
				MTL_FAST_MATH = YES;
				ONLY_ACTIVE_ARCH = YES;
				SDKROOT = iphoneos;
				SWIFT_ACTIVE_COMPILATION_CONDITIONS = DEBUG;
				SWIFT_OPTIMIZATION_LEVEL = "-Onone";
			};
			name = Debug;
		};
		C2840A41299F83B20081D129 /* Release */ = {
			isa = XCBuildConfiguration;
			buildSettings = {
				ALWAYS_SEARCH_USER_PATHS = NO;
				CLANG_ANALYZER_NONNULL = YES;
				CLANG_ANALYZER_NUMBER_OBJECT_CONVERSION = YES_AGGRESSIVE;
				CLANG_CXX_LANGUAGE_STANDARD = "gnu++20";
				CLANG_ENABLE_MODULES = YES;
				CLANG_ENABLE_OBJC_ARC = YES;
				CLANG_ENABLE_OBJC_WEAK = YES;
				CLANG_WARN_BLOCK_CAPTURE_AUTORELEASING = YES;
				CLANG_WARN_BOOL_CONVERSION = YES;
				CLANG_WARN_COMMA = YES;
				CLANG_WARN_CONSTANT_CONVERSION = YES;
				CLANG_WARN_DEPRECATED_OBJC_IMPLEMENTATIONS = YES;
				CLANG_WARN_DIRECT_OBJC_ISA_USAGE = YES_ERROR;
				CLANG_WARN_DOCUMENTATION_COMMENTS = YES;
				CLANG_WARN_EMPTY_BODY = YES;
				CLANG_WARN_ENUM_CONVERSION = YES;
				CLANG_WARN_INFINITE_RECURSION = YES;
				CLANG_WARN_INT_CONVERSION = YES;
				CLANG_WARN_NON_LITERAL_NULL_CONVERSION = YES;
				CLANG_WARN_OBJC_IMPLICIT_RETAIN_SELF = YES;
				CLANG_WARN_OBJC_LITERAL_CONVERSION = YES;
				CLANG_WARN_OBJC_ROOT_CLASS = YES_ERROR;
				CLANG_WARN_QUOTED_INCLUDE_IN_FRAMEWORK_HEADER = YES;
				CLANG_WARN_RANGE_LOOP_ANALYSIS = YES;
				CLANG_WARN_STRICT_PROTOTYPES = YES;
				CLANG_WARN_SUSPICIOUS_MOVE = YES;
				CLANG_WARN_UNGUARDED_AVAILABILITY = YES_AGGRESSIVE;
				CLANG_WARN_UNREACHABLE_CODE = YES;
				CLANG_WARN__DUPLICATE_METHOD_MATCH = YES;
				COPY_PHASE_STRIP = NO;
				DEBUG_INFORMATION_FORMAT = "dwarf-with-dsym";
				ENABLE_NS_ASSERTIONS = NO;
				ENABLE_STRICT_OBJC_MSGSEND = YES;
				GCC_C_LANGUAGE_STANDARD = gnu11;
				GCC_NO_COMMON_BLOCKS = YES;
				GCC_WARN_64_TO_32_BIT_CONVERSION = YES;
				GCC_WARN_ABOUT_RETURN_TYPE = YES_ERROR;
				GCC_WARN_UNDECLARED_SELECTOR = YES;
				GCC_WARN_UNINITIALIZED_AUTOS = YES_AGGRESSIVE;
				GCC_WARN_UNUSED_FUNCTION = YES;
				GCC_WARN_UNUSED_VARIABLE = YES;
				IPHONEOS_DEPLOYMENT_TARGET = 16.2;
				MTL_ENABLE_DEBUG_INFO = NO;
				MTL_FAST_MATH = YES;
				SDKROOT = iphoneos;
				SWIFT_COMPILATION_MODE = wholemodule;
				SWIFT_OPTIMIZATION_LEVEL = "-O";
				VALIDATE_PRODUCT = YES;
			};
			name = Release;
		};
		C2840A43299F83B20081D129 /* Debug */ = {
			isa = XCBuildConfiguration;
			buildSettings = {
				ASSETCATALOG_COMPILER_APPICON_NAME = AppIcon;
				ASSETCATALOG_COMPILER_GLOBAL_ACCENT_COLOR_NAME = AccentColor;
				CODE_SIGN_STYLE = Automatic;
				CURRENT_PROJECT_VERSION = 1;
				DEVELOPMENT_TEAM = BW848AFA8V;
				GENERATE_INFOPLIST_FILE = YES;
				INFOPLIST_FILE = Chart/Info.plist;
				INFOPLIST_KEY_UIApplicationSupportsIndirectInputEvents = YES;
				INFOPLIST_KEY_UILaunchStoryboardName = LaunchScreen;
				INFOPLIST_KEY_UISupportedInterfaceOrientations_iPad = "UIInterfaceOrientationPortrait UIInterfaceOrientationPortraitUpsideDown UIInterfaceOrientationLandscapeLeft UIInterfaceOrientationLandscapeRight";
				INFOPLIST_KEY_UISupportedInterfaceOrientations_iPhone = "UIInterfaceOrientationPortrait UIInterfaceOrientationLandscapeLeft UIInterfaceOrientationLandscapeRight";
				IPHONEOS_DEPLOYMENT_TARGET = 14.0;
				LD_RUNPATH_SEARCH_PATHS = (
					"$(inherited)",
					"@executable_path/Frameworks",
				);
				MARKETING_VERSION = 1.0;
				PRODUCT_BUNDLE_IDENTIFIER = com.viktor.Chart;
				PRODUCT_NAME = "$(TARGET_NAME)";
				SWIFT_EMIT_LOC_STRINGS = YES;
				SWIFT_VERSION = 5.0;
				TARGETED_DEVICE_FAMILY = "1,2";
			};
			name = Debug;
		};
		C2840A44299F83B20081D129 /* Release */ = {
			isa = XCBuildConfiguration;
			buildSettings = {
				ASSETCATALOG_COMPILER_APPICON_NAME = AppIcon;
				ASSETCATALOG_COMPILER_GLOBAL_ACCENT_COLOR_NAME = AccentColor;
				CODE_SIGN_STYLE = Automatic;
				CURRENT_PROJECT_VERSION = 1;
				DEVELOPMENT_TEAM = BW848AFA8V;
				GENERATE_INFOPLIST_FILE = YES;
				INFOPLIST_FILE = Chart/Info.plist;
				INFOPLIST_KEY_UIApplicationSupportsIndirectInputEvents = YES;
				INFOPLIST_KEY_UILaunchStoryboardName = LaunchScreen;
				INFOPLIST_KEY_UISupportedInterfaceOrientations_iPad = "UIInterfaceOrientationPortrait UIInterfaceOrientationPortraitUpsideDown UIInterfaceOrientationLandscapeLeft UIInterfaceOrientationLandscapeRight";
				INFOPLIST_KEY_UISupportedInterfaceOrientations_iPhone = "UIInterfaceOrientationPortrait UIInterfaceOrientationLandscapeLeft UIInterfaceOrientationLandscapeRight";
				IPHONEOS_DEPLOYMENT_TARGET = 14.0;
				LD_RUNPATH_SEARCH_PATHS = (
					"$(inherited)",
					"@executable_path/Frameworks",
				);
				MARKETING_VERSION = 1.0;
				PRODUCT_BUNDLE_IDENTIFIER = com.viktor.Chart;
				PRODUCT_NAME = "$(TARGET_NAME)";
				SWIFT_EMIT_LOC_STRINGS = YES;
				SWIFT_VERSION = 5.0;
				TARGETED_DEVICE_FAMILY = "1,2";
			};
			name = Release;
		};
/* End XCBuildConfiguration section */

/* Begin XCConfigurationList section */
		C2840A13299F83AD0081D129 /* Build configuration list for PBXProject "Chart" */ = {
			isa = XCConfigurationList;
			buildConfigurations = (
				C2840A40299F83B20081D129 /* Debug */,
				C2840A41299F83B20081D129 /* Release */,
			);
			defaultConfigurationIsVisible = 0;
			defaultConfigurationName = Release;
		};
		C2840A42299F83B20081D129 /* Build configuration list for PBXNativeTarget "Chart" */ = {
			isa = XCConfigurationList;
			buildConfigurations = (
				C2840A43299F83B20081D129 /* Debug */,
				C2840A44299F83B20081D129 /* Release */,
			);
			defaultConfigurationIsVisible = 0;
			defaultConfigurationName = Release;
		};
/* End XCConfigurationList section */
	};
	rootObject = C2840A10299F83AD0081D129 /* Project object */;
}
